
Microsoft Visual Studio Solution File, Format Version 12.00
# Visual Studio Version 17
VisualStudioVersion = 17.9.34622.214
MinimumVisualStudioVersion = 10.0.40219.1
Project("{9A19103F-16F7-4668-BE54-9A1E7A4F7556}") = "Week3", "Week3\Week3.csproj", "{E9D4CD88-39A1-45C9-96B3-E2E185083E2C}"
EndProject
Project("{FAE04EC0-301F-11D3-BF4B-00C04F79EFBC}") = "OddEvenTegemine", "OddEvenTegemine\OddEvenTegemine.csproj", "{2287EC3F-803A-4092-8770-FE57EF4C50A7}"
EndProject
Project("{FAE04EC0-301F-11D3-BF4B-00C04F79EFBC}") = "DayOfTheWeek", "DayOfTheWeek\DayOfTheWeek.csproj", "{7A4FE487-85D9-4239-85F0-E32D2D227C81}"
EndProject
Project("{FAE04EC0-301F-11D3-BF4B-00C04F79EFBC}") = "SwitchDayOfTheWeek", "SwitchDayOfTheWeek\SwitchDayOfTheWeek.csproj", "{F9AD7140-44C7-45B0-A2DC-FCFD56C88EE2}"
EndProject
Global
	GlobalSection(SolutionConfigurationPlatforms) = preSolution
		Debug|Any CPU = Debug|Any CPU
		Release|Any CPU = Release|Any CPU
	EndGlobalSection
	GlobalSection(ProjectConfigurationPlatforms) = postSolution
		{E9D4CD88-39A1-45C9-96B3-E2E185083E2C}.Debug|Any CPU.ActiveCfg = Debug|Any CPU
		{E9D4CD88-39A1-45C9-96B3-E2E185083E2C}.Debug|Any CPU.Build.0 = Debug|Any CPU
		{E9D4CD88-39A1-45C9-96B3-E2E185083E2C}.Release|Any CPU.ActiveCfg = Release|Any CPU
		{E9D4CD88-39A1-45C9-96B3-E2E185083E2C}.Release|Any CPU.Build.0 = Release|Any CPU
		{2287EC3F-803A-4092-8770-FE57EF4C50A7}.Debug|Any CPU.ActiveCfg = Debug|Any CPU
		{2287EC3F-803A-4092-8770-FE57EF4C50A7}.Debug|Any CPU.Build.0 = Debug|Any CPU
		{2287EC3F-803A-4092-8770-FE57EF4C50A7}.Release|Any CPU.ActiveCfg = Release|Any CPU
		{2287EC3F-803A-4092-8770-FE57EF4C50A7}.Release|Any CPU.Build.0 = Release|Any CPU
		{7A4FE487-85D9-4239-85F0-E32D2D227C81}.Debug|Any CPU.ActiveCfg = Debug|Any CPU
		{7A4FE487-85D9-4239-85F0-E32D2D227C81}.Debug|Any CPU.Build.0 = Debug|Any CPU
		{7A4FE487-85D9-4239-85F0-E32D2D227C81}.Release|Any CPU.ActiveCfg = Release|Any CPU
		{7A4FE487-85D9-4239-85F0-E32D2D227C81}.Release|Any CPU.Build.0 = Release|Any CPU
		{F9AD7140-44C7-45B0-A2DC-FCFD56C88EE2}.Debug|Any CPU.ActiveCfg = Debug|Any CPU
		{F9AD7140-44C7-45B0-A2DC-FCFD56C88EE2}.Debug|Any CPU.Build.0 = Debug|Any CPU
		{F9AD7140-44C7-45B0-A2DC-FCFD56C88EE2}.Release|Any CPU.ActiveCfg = Release|Any CPU
		{F9AD7140-44C7-45B0-A2DC-FCFD56C88EE2}.Release|Any CPU.Build.0 = Release|Any CPU
	EndGlobalSection
	GlobalSection(SolutionProperties) = preSolution
		HideSolutionNode = FALSE
	EndGlobalSection
	GlobalSection(ExtensibilityGlobals) = postSolution
		SolutionGuid = {9F774D67-2FFE-4217-90D4-74C531DC0FBC}
	EndGlobalSection
EndGlobal
